
Microsoft Visual Studio Solution File, Format Version 12.00
# Visual Studio 2013
VisualStudioVersion = 12.0.31101.0
MinimumVisualStudioVersion = 10.0.40219.1
Project("{FAE04EC0-301F-11D3-BF4B-00C04F79EFBC}") = "ConsumerApp", "ConsumerApp\ConsumerApp.csproj", "{A18AB26E-413F-46E2-A733-5AF845EAD376}"
EndProject
Project("{FAE04EC0-301F-11D3-BF4B-00C04F79EFBC}") = "ProducerApp", "ProducerApp\ProducerApp.csproj", "{888CF5C5-A8ED-47FF-A665-E0E1D0838056}"
EndProject
Project("{FAE04EC0-301F-11D3-BF4B-00C04F79EFBC}") = "MassTransitDemoLib", "MassTransitDemoLib\MassTransitDemoLib.csproj", "{7C040C0B-AF05-4DEC-969A-56638FE1325C}"
EndProject
Global
	GlobalSection(SolutionConfigurationPlatforms) = preSolution
		Debug|Any CPU = Debug|Any CPU
		Release|Any CPU = Release|Any CPU
	EndGlobalSection
	GlobalSection(ProjectConfigurationPlatforms) = postSolution
		{A18AB26E-413F-46E2-A733-5AF845EAD376}.Debug|Any CPU.ActiveCfg = Debug|Any CPU
		{A18AB26E-413F-46E2-A733-5AF845EAD376}.Debug|Any CPU.Build.0 = Debug|Any CPU
		{A18AB26E-413F-46E2-A733-5AF845EAD376}.Release|Any CPU.ActiveCfg = Release|Any CPU
		{A18AB26E-413F-46E2-A733-5AF845EAD376}.Release|Any CPU.Build.0 = Release|Any CPU
		{888CF5C5-A8ED-47FF-A665-E0E1D0838056}.Debug|Any CPU.ActiveCfg = Debug|Any CPU
		{888CF5C5-A8ED-47FF-A665-E0E1D0838056}.Debug|Any CPU.Build.0 = Debug|Any CPU
		{888CF5C5-A8ED-47FF-A665-E0E1D0838056}.Release|Any CPU.ActiveCfg = Release|Any CPU
		{888CF5C5-A8ED-47FF-A665-E0E1D0838056}.Release|Any CPU.Build.0 = Release|Any CPU
		{7C040C0B-AF05-4DEC-969A-56638FE1325C}.Debug|Any CPU.ActiveCfg = Debug|Any CPU
		{7C040C0B-AF05-4DEC-969A-56638FE1325C}.Debug|Any CPU.Build.0 = Debug|Any CPU
		{7C040C0B-AF05-4DEC-969A-56638FE1325C}.Release|Any CPU.ActiveCfg = Release|Any CPU
		{7C040C0B-AF05-4DEC-969A-56638FE1325C}.Release|Any CPU.Build.0 = Release|Any CPU
	EndGlobalSection
	GlobalSection(SolutionProperties) = preSolution
		HideSolutionNode = FALSE
	EndGlobalSection
EndGlobal
